
Microsoft Visual Studio Solution File, Format Version 12.00
# Visual Studio 15
VisualStudioVersion = 15.0.26730.8
MinimumVisualStudioVersion = 10.0.40219.1
Project("{FAE04EC0-301F-11D3-BF4B-00C04F79EFBC}") = "Tethys.Xml", "Tethys.Xml\Tethys.Xml.csproj", "{912B3D03-FF02-40CF-96F2-B46FF417B917}"
EndProject
Project("{2150E333-8FDC-42A3-9474-1A3956D46DE8}") = "doc", "doc", "{0D2A7AB0-1CE4-4554-B043-BBE3CD021A51}"
	ProjectSection(SolutionItems) = preProject
		LICENSE = LICENSE
		README.md = README.md
	EndProjectSection
EndProject
Global
	GlobalSection(SolutionConfigurationPlatforms) = preSolution
		Debug|Any CPU = Debug|Any CPU
		Release|Any CPU = Release|Any CPU
	EndGlobalSection
	GlobalSection(ProjectConfigurationPlatforms) = postSolution
		{912B3D03-FF02-40CF-96F2-B46FF417B917}.Debug|Any CPU.ActiveCfg = Debug|Any CPU
		{912B3D03-FF02-40CF-96F2-B46FF417B917}.Debug|Any CPU.Build.0 = Debug|Any CPU
		{912B3D03-FF02-40CF-96F2-B46FF417B917}.Release|Any CPU.ActiveCfg = Release|Any CPU
		{912B3D03-FF02-40CF-96F2-B46FF417B917}.Release|Any CPU.Build.0 = Release|Any CPU
	EndGlobalSection
	GlobalSection(SolutionProperties) = preSolution
		HideSolutionNode = FALSE
	EndGlobalSection
	GlobalSection(ExtensibilityGlobals) = postSolution
		SolutionGuid = {34D7ADA7-BBD3-4EF0-A8F3-E22AC7022E89}
	EndGlobalSection
EndGlobal
